// !$*UTF8*$!
{
	archiveVersion = 1;
	classes = {
	};
	objectVersion = 48;
	objects = {

/* Begin PBXBuildFile section */
		6C0630652118E7B200971424 /* ExpertChooseViewController.swift in Sources */ = {isa = PBXBuildFile; fileRef = 6C0630642118E7B200971424 /* ExpertChooseViewController.swift */; };
		6C0630672118ED8B00971424 /* ExpertWebRTCViewController.swift in Sources */ = {isa = PBXBuildFile; fileRef = 6C0630662118ED8B00971424 /* ExpertWebRTCViewController.swift */; };
		6C0630692119088500971424 /* ExpertSetPriceViewController.swift in Sources */ = {isa = PBXBuildFile; fileRef = 6C0630682119088500971424 /* ExpertSetPriceViewController.swift */; };
		6C06306B21190DDC00971424 /* ExpertDeliveryViewController.swift in Sources */ = {isa = PBXBuildFile; fileRef = 6C06306A21190DDC00971424 /* ExpertDeliveryViewController.swift */; };
		6C06306D211911D700971424 /* ExpertErrorViewController.swift in Sources */ = {isa = PBXBuildFile; fileRef = 6C06306C211911D700971424 /* ExpertErrorViewController.swift */; };
		6C2A2E6B2115DDDF00A31A72 /* Order.swift in Sources */ = {isa = PBXBuildFile; fileRef = 6C2A2E6A2115DDDF00A31A72 /* Order.swift */; };
		6C2A2E6D2115E43B00A31A72 /* OrderTableViewCell.swift in Sources */ = {isa = PBXBuildFile; fileRef = 6C2A2E6C2115E43B00A31A72 /* OrderTableViewCell.swift */; };
		6C2DDD39211511870005A962 /* DroweViewController.swift in Sources */ = {isa = PBXBuildFile; fileRef = 6C2DDD38211511870005A962 /* DroweViewController.swift */; };
		6C2DDD3B211511D60005A962 /* MarketsViewController.swift in Sources */ = {isa = PBXBuildFile; fileRef = 6C2DDD3A211511D60005A962 /* MarketsViewController.swift */; };
		6C2DDD3D211514AF0005A962 /* Markets.swift in Sources */ = {isa = PBXBuildFile; fileRef = 6C2DDD3C211514AF0005A962 /* Markets.swift */; };
		6C2DDD42211518B70005A962 /* MarketCell.swift in Sources */ = {isa = PBXBuildFile; fileRef = 6C2DDD41211518B70005A962 /* MarketCell.swift */; };
		6C2DDD4421151B890005A962 /* MarketCell.xib in Resources */ = {isa = PBXBuildFile; fileRef = 6C2DDD4321151B890005A962 /* MarketCell.xib */; };
		6C2DDD4E21159EB30005A962 /* DrawerCell.swift in Sources */ = {isa = PBXBuildFile; fileRef = 6C2DDD4C21159EB30005A962 /* DrawerCell.swift */; };
		6C2DDD4F21159EB30005A962 /* DrawerCell.xib in Resources */ = {isa = PBXBuildFile; fileRef = 6C2DDD4D21159EB30005A962 /* DrawerCell.xib */; };
		6C2DDD512115A23E0005A962 /* MarketInfoViewController.swift in Sources */ = {isa = PBXBuildFile; fileRef = 6C2DDD502115A23E0005A962 /* MarketInfoViewController.swift */; };
		6C2DDD532115A3DE0005A962 /* MarketInfo.swift in Sources */ = {isa = PBXBuildFile; fileRef = 6C2DDD522115A3DE0005A962 /* MarketInfo.swift */; };
		6C2DDD552115A63F0005A962 /* Expert.swift in Sources */ = {isa = PBXBuildFile; fileRef = 6C2DDD542115A63F0005A962 /* Expert.swift */; };
		6C2DDD592115A7100005A962 /* MarketInfoHeaderCell.swift in Sources */ = {isa = PBXBuildFile; fileRef = 6C2DDD572115A7100005A962 /* MarketInfoHeaderCell.swift */; };
		6C2DDD5A2115A7100005A962 /* MarketInfoHeaderCell.xib in Resources */ = {isa = PBXBuildFile; fileRef = 6C2DDD582115A7100005A962 /* MarketInfoHeaderCell.xib */; };
		6C2DDD5D2115A9450005A962 /* ExpertCell.swift in Sources */ = {isa = PBXBuildFile; fileRef = 6C2DDD5B2115A9450005A962 /* ExpertCell.swift */; };
		6C2DDD5E2115A9450005A962 /* ExpertCell.xib in Resources */ = {isa = PBXBuildFile; fileRef = 6C2DDD5C2115A9450005A962 /* ExpertCell.xib */; };
		6C2DDD602115B1160005A962 /* ExpertViewController.swift in Sources */ = {isa = PBXBuildFile; fileRef = 6C2DDD5F2115B1160005A962 /* ExpertViewController.swift */; };
		6C2DDD622115BB1D0005A962 /* Product.swift in Sources */ = {isa = PBXBuildFile; fileRef = 6C2DDD612115BB1D0005A962 /* Product.swift */; };
		6C2DDD642115CA030005A962 /* ProductsViewController.swift in Sources */ = {isa = PBXBuildFile; fileRef = 6C2DDD632115CA030005A962 /* ProductsViewController.swift */; };
		6C2DDD682115CC070005A962 /* ProductCell.swift in Sources */ = {isa = PBXBuildFile; fileRef = 6C2DDD662115CC070005A962 /* ProductCell.swift */; };
		6C2DDD692115CC070005A962 /* ProductCell.xib in Resources */ = {isa = PBXBuildFile; fileRef = 6C2DDD672115CC070005A962 /* ProductCell.xib */; };
		6C2DDD6C2115D9570005A962 /* OrdersViewController.swift in Sources */ = {isa = PBXBuildFile; fileRef = 6C2DDD6B2115D9570005A962 /* OrdersViewController.swift */; };
		6C2DDD702115D9980005A962 /* OrderTableViewCell.xib in Resources */ = {isa = PBXBuildFile; fileRef = 6C2DDD6E2115D9980005A962 /* OrderTableViewCell.xib */; };
		6C76D68A21161F220026CAD0 /* LocationViewController.swift in Sources */ = {isa = PBXBuildFile; fileRef = 6C76D68921161F220026CAD0 /* LocationViewController.swift */; };
		6C76D68C2116440F0026CAD0 /* Address.swift in Sources */ = {isa = PBXBuildFile; fileRef = 6C76D68B2116440F0026CAD0 /* Address.swift */; };
		6C76D68E2117010B0026CAD0 /* User.swift in Sources */ = {isa = PBXBuildFile; fileRef = 6C76D68D2117010B0026CAD0 /* User.swift */; };
		6C76D69021171AE00026CAD0 /* ExpertMainViewController.swift in Sources */ = {isa = PBXBuildFile; fileRef = 6C76D68F21171AE00026CAD0 /* ExpertMainViewController.swift */; };
		6C76D69321173E6C0026CAD0 /* ChannelClientViewController.swift in Sources */ = {isa = PBXBuildFile; fileRef = 6C76D69221173E6C0026CAD0 /* ChannelClientViewController.swift */; };
		6C76D6962117408F0026CAD0 /* Channel.swift in Sources */ = {isa = PBXBuildFile; fileRef = 6C76D6952117408F0026CAD0 /* Channel.swift */; };
		6C76D69A211756C30026CAD0 /* ProductAlmostReadyCell.swift in Sources */ = {isa = PBXBuildFile; fileRef = 6C76D698211756C30026CAD0 /* ProductAlmostReadyCell.swift */; };
		6C76D69B211756C30026CAD0 /* ProductAlmostReadyCell.xib in Resources */ = {isa = PBXBuildFile; fileRef = 6C76D699211756C30026CAD0 /* ProductAlmostReadyCell.xib */; };
		6C76D69E211765F50026CAD0 /* AcceptTableViewCell.swift in Sources */ = {isa = PBXBuildFile; fileRef = 6C76D69C211765F50026CAD0 /* AcceptTableViewCell.swift */; };
		6C76D69F211765F50026CAD0 /* AcceptTableViewCell.xib in Resources */ = {isa = PBXBuildFile; fileRef = 6C76D69D211765F50026CAD0 /* AcceptTableViewCell.xib */; };
		6C76D6A5211792A70026CAD0 /* ErrorViewController.swift in Sources */ = {isa = PBXBuildFile; fileRef = 6C76D6A4211792A70026CAD0 /* ErrorViewController.swift */; };
		6C76D6A72117A0CB0026CAD0 /* MapClientViewController.swift in Sources */ = {isa = PBXBuildFile; fileRef = 6C76D6A62117A0CB0026CAD0 /* MapClientViewController.swift */; };
		6CF4B8422114FD910094B61E /* BackendError.swift in Sources */ = {isa = PBXBuildFile; fileRef = 6CF4B8412114FD910094B61E /* BackendError.swift */; };
		6CF4B8452114FF8B0094B61E /* BaseViewController.swift in Sources */ = {isa = PBXBuildFile; fileRef = 6CF4B8442114FF8B0094B61E /* BaseViewController.swift */; };
		6CF4B848211503B40094B61E /* Storage.swift in Sources */ = {isa = PBXBuildFile; fileRef = 6CF4B847211503B40094B61E /* Storage.swift */; };
		6CFBF017211A4999004C203D /* SellerViewController.swift in Sources */ = {isa = PBXBuildFile; fileRef = 6CFBF016211A4999004C203D /* SellerViewController.swift */; };
		6CFBF019211A5DAC004C203D /* SellerProduct.swift in Sources */ = {isa = PBXBuildFile; fileRef = 6CFBF018211A5DAC004C203D /* SellerProduct.swift */; };
		EE7AC0172113B78E00668663 /* ConfirmPhoneViewController.swift in Sources */ = {isa = PBXBuildFile; fileRef = EE7AC0162113B78E00668663 /* ConfirmPhoneViewController.swift */; };
		EE7AC0192113BA5600668663 /* ConfirmCodeViewController.swift in Sources */ = {isa = PBXBuildFile; fileRef = EE7AC0182113BA5600668663 /* ConfirmCodeViewController.swift */; };
		EE7AC01C2113BA8C00668663 /* RegistrationViewController.swift in Sources */ = {isa = PBXBuildFile; fileRef = EE7AC01B2113BA8C00668663 /* RegistrationViewController.swift */; };
		EE9E5EED21261C2A003DD864 /* PageControl.storyboard in Resources */ = {isa = PBXBuildFile; fileRef = EE9E5EEC21261C2A003DD864 /* PageControl.storyboard */; };
		EE9E5EF02126258D003DD864 /* PageViewController.swift in Sources */ = {isa = PBXBuildFile; fileRef = EE9E5EEF2126258D003DD864 /* PageViewController.swift */; };
		EEB1949B2113A00A0017ED59 /* LoginViewController.swift in Sources */ = {isa = PBXBuildFile; fileRef = EEB1949A2113A00A0017ED59 /* LoginViewController.swift */; };
		EEB1949D2113A1DE0017ED59 /* Const.swift in Sources */ = {isa = PBXBuildFile; fileRef = EEB1949C2113A1DE0017ED59 /* Const.swift */; };
		EEB1949F2113A2C90017ED59 /* NetworkManager.swift in Sources */ = {isa = PBXBuildFile; fileRef = EEB1949E2113A2C90017ED59 /* NetworkManager.swift */; };
		EEB194A12113A6210017ED59 /* NetworkError.swift in Sources */ = {isa = PBXBuildFile; fileRef = EEB194A02113A6210017ED59 /* NetworkError.swift */; };
		EEB194A42113A8390017ED59 /* Result.swift in Sources */ = {isa = PBXBuildFile; fileRef = EEB194A32113A8390017ED59 /* Result.swift */; };
		FC6EBDDFC3AD669B6B4F314F /* Pods_SimpleWebRTC.framework in Frameworks */ = {isa = PBXBuildFile; fileRef = 04890E483F3FBDB9D9FA2BE8 /* Pods_SimpleWebRTC.framework */; };
		FD1345E820149C7400426B77 /* Date+Milliseconds.swift in Sources */ = {isa = PBXBuildFile; fileRef = FD1345E720149C7400426B77 /* Date+Milliseconds.swift */; };
		FD2A2DC72014986A00A68935 /* AppDelegate.swift in Sources */ = {isa = PBXBuildFile; fileRef = FD2A2DC62014986A00A68935 /* AppDelegate.swift */; };
		FD2A2DC92014986A00A68935 /* ViewController.swift in Sources */ = {isa = PBXBuildFile; fileRef = FD2A2DC82014986A00A68935 /* ViewController.swift */; };
		FD2A2DCC2014986A00A68935 /* Main.storyboard in Resources */ = {isa = PBXBuildFile; fileRef = FD2A2DCA2014986A00A68935 /* Main.storyboard */; };
		FD2A2DCE2014986A00A68935 /* Assets.xcassets in Resources */ = {isa = PBXBuildFile; fileRef = FD2A2DCD2014986A00A68935 /* Assets.xcassets */; };
		FD2A2DD12014986A00A68935 /* LaunchScreen.storyboard in Resources */ = {isa = PBXBuildFile; fileRef = FD2A2DCF2014986A00A68935 /* LaunchScreen.storyboard */; };
		FD2A2DDC2014986A00A68935 /* SimpleWebRTCTests.swift in Sources */ = {isa = PBXBuildFile; fileRef = FD2A2DDB2014986A00A68935 /* SimpleWebRTCTests.swift */; };
		FD2A2DE72014986B00A68935 /* SimpleWebRTCUITests.swift in Sources */ = {isa = PBXBuildFile; fileRef = FD2A2DE62014986B00A68935 /* SimpleWebRTCUITests.swift */; };
		FD2A2DF7201498CD00A68935 /* WebRtcClient.swift in Sources */ = {isa = PBXBuildFile; fileRef = FD2A2DF6201498CD00A68935 /* WebRtcClient.swift */; };
		FD2A2DF9201498E900A68935 /* WebRtcUtil.swift in Sources */ = {isa = PBXBuildFile; fileRef = FD2A2DF8201498E900A68935 /* WebRtcUtil.swift */; };
/* End PBXBuildFile section */

/* Begin PBXContainerItemProxy section */
		FD2A2DD82014986A00A68935 /* PBXContainerItemProxy */ = {
			isa = PBXContainerItemProxy;
			containerPortal = FD2A2DBB2014986A00A68935 /* Project object */;
			proxyType = 1;
			remoteGlobalIDString = FD2A2DC22014986A00A68935;
			remoteInfo = SimpleWebRTC;
		};
		FD2A2DE32014986B00A68935 /* PBXContainerItemProxy */ = {
			isa = PBXContainerItemProxy;
			containerPortal = FD2A2DBB2014986A00A68935 /* Project object */;
			proxyType = 1;
			remoteGlobalIDString = FD2A2DC22014986A00A68935;
			remoteInfo = SimpleWebRTC;
		};
/* End PBXContainerItemProxy section */

/* Begin PBXFileReference section */
		04890E483F3FBDB9D9FA2BE8 /* Pods_SimpleWebRTC.framework */ = {isa = PBXFileReference; explicitFileType = wrapper.framework; includeInIndex = 0; path = Pods_SimpleWebRTC.framework; sourceTree = BUILT_PRODUCTS_DIR; };
		1B9CB844094E24A33758677F /* Pods-SimpleWebRTC.release.xcconfig */ = {isa = PBXFileReference; includeInIndex = 1; lastKnownFileType = text.xcconfig; name = "Pods-SimpleWebRTC.release.xcconfig"; path = "Pods/Target Support Files/Pods-SimpleWebRTC/Pods-SimpleWebRTC.release.xcconfig"; sourceTree = "<group>"; };
		33388B56A7866F651F148C2C /* Pods-SimpleWebRTC.debug.xcconfig */ = {isa = PBXFileReference; includeInIndex = 1; lastKnownFileType = text.xcconfig; name = "Pods-SimpleWebRTC.debug.xcconfig"; path = "Pods/Target Support Files/Pods-SimpleWebRTC/Pods-SimpleWebRTC.debug.xcconfig"; sourceTree = "<group>"; };
		6C0630642118E7B200971424 /* ExpertChooseViewController.swift */ = {isa = PBXFileReference; lastKnownFileType = sourcecode.swift; path = ExpertChooseViewController.swift; sourceTree = "<group>"; };
		6C0630662118ED8B00971424 /* ExpertWebRTCViewController.swift */ = {isa = PBXFileReference; lastKnownFileType = sourcecode.swift; path = ExpertWebRTCViewController.swift; sourceTree = "<group>"; };
		6C0630682119088500971424 /* ExpertSetPriceViewController.swift */ = {isa = PBXFileReference; lastKnownFileType = sourcecode.swift; path = ExpertSetPriceViewController.swift; sourceTree = "<group>"; };
		6C06306A21190DDC00971424 /* ExpertDeliveryViewController.swift */ = {isa = PBXFileReference; lastKnownFileType = sourcecode.swift; path = ExpertDeliveryViewController.swift; sourceTree = "<group>"; };
		6C06306C211911D700971424 /* ExpertErrorViewController.swift */ = {isa = PBXFileReference; lastKnownFileType = sourcecode.swift; path = ExpertErrorViewController.swift; sourceTree = "<group>"; };
		6C2A2E6A2115DDDF00A31A72 /* Order.swift */ = {isa = PBXFileReference; lastKnownFileType = sourcecode.swift; path = Order.swift; sourceTree = "<group>"; };
		6C2A2E6C2115E43B00A31A72 /* OrderTableViewCell.swift */ = {isa = PBXFileReference; lastKnownFileType = sourcecode.swift; path = OrderTableViewCell.swift; sourceTree = "<group>"; };
		6C2DDD38211511870005A962 /* DroweViewController.swift */ = {isa = PBXFileReference; lastKnownFileType = sourcecode.swift; path = DroweViewController.swift; sourceTree = "<group>"; };
		6C2DDD3A211511D60005A962 /* MarketsViewController.swift */ = {isa = PBXFileReference; lastKnownFileType = sourcecode.swift; path = MarketsViewController.swift; sourceTree = "<group>"; };
		6C2DDD3C211514AF0005A962 /* Markets.swift */ = {isa = PBXFileReference; lastKnownFileType = sourcecode.swift; path = Markets.swift; sourceTree = "<group>"; };
		6C2DDD41211518B70005A962 /* MarketCell.swift */ = {isa = PBXFileReference; lastKnownFileType = sourcecode.swift; path = MarketCell.swift; sourceTree = "<group>"; };
		6C2DDD4321151B890005A962 /* MarketCell.xib */ = {isa = PBXFileReference; lastKnownFileType = file.xib; path = MarketCell.xib; sourceTree = "<group>"; };
		6C2DDD4C21159EB30005A962 /* DrawerCell.swift */ = {isa = PBXFileReference; lastKnownFileType = sourcecode.swift; path = DrawerCell.swift; sourceTree = "<group>"; };
		6C2DDD4D21159EB30005A962 /* DrawerCell.xib */ = {isa = PBXFileReference; lastKnownFileType = file.xib; path = DrawerCell.xib; sourceTree = "<group>"; };
		6C2DDD502115A23E0005A962 /* MarketInfoViewController.swift */ = {isa = PBXFileReference; lastKnownFileType = sourcecode.swift; path = MarketInfoViewController.swift; sourceTree = "<group>"; };
		6C2DDD522115A3DE0005A962 /* MarketInfo.swift */ = {isa = PBXFileReference; lastKnownFileType = sourcecode.swift; path = MarketInfo.swift; sourceTree = "<group>"; };
		6C2DDD542115A63F0005A962 /* Expert.swift */ = {isa = PBXFileReference; lastKnownFileType = sourcecode.swift; path = Expert.swift; sourceTree = "<group>"; };
		6C2DDD572115A7100005A962 /* MarketInfoHeaderCell.swift */ = {isa = PBXFileReference; lastKnownFileType = sourcecode.swift; path = MarketInfoHeaderCell.swift; sourceTree = "<group>"; };
		6C2DDD582115A7100005A962 /* MarketInfoHeaderCell.xib */ = {isa = PBXFileReference; lastKnownFileType = file.xib; path = MarketInfoHeaderCell.xib; sourceTree = "<group>"; };
		6C2DDD5B2115A9450005A962 /* ExpertCell.swift */ = {isa = PBXFileReference; lastKnownFileType = sourcecode.swift; path = ExpertCell.swift; sourceTree = "<group>"; };
		6C2DDD5C2115A9450005A962 /* ExpertCell.xib */ = {isa = PBXFileReference; lastKnownFileType = file.xib; path = ExpertCell.xib; sourceTree = "<group>"; };
		6C2DDD5F2115B1160005A962 /* ExpertViewController.swift */ = {isa = PBXFileReference; lastKnownFileType = sourcecode.swift; path = ExpertViewController.swift; sourceTree = "<group>"; };
		6C2DDD612115BB1D0005A962 /* Product.swift */ = {isa = PBXFileReference; lastKnownFileType = sourcecode.swift; path = Product.swift; sourceTree = "<group>"; };
		6C2DDD632115CA030005A962 /* ProductsViewController.swift */ = {isa = PBXFileReference; lastKnownFileType = sourcecode.swift; path = ProductsViewController.swift; sourceTree = "<group>"; };
		6C2DDD662115CC070005A962 /* ProductCell.swift */ = {isa = PBXFileReference; lastKnownFileType = sourcecode.swift; path = ProductCell.swift; sourceTree = "<group>"; };
		6C2DDD672115CC070005A962 /* ProductCell.xib */ = {isa = PBXFileReference; lastKnownFileType = file.xib; path = ProductCell.xib; sourceTree = "<group>"; };
		6C2DDD6B2115D9570005A962 /* OrdersViewController.swift */ = {isa = PBXFileReference; lastKnownFileType = sourcecode.swift; path = OrdersViewController.swift; sourceTree = "<group>"; };
		6C2DDD6E2115D9980005A962 /* OrderTableViewCell.xib */ = {isa = PBXFileReference; lastKnownFileType = file.xib; path = OrderTableViewCell.xib; sourceTree = "<group>"; };
		6C76D68921161F220026CAD0 /* LocationViewController.swift */ = {isa = PBXFileReference; lastKnownFileType = sourcecode.swift; path = LocationViewController.swift; sourceTree = "<group>"; };
		6C76D68B2116440F0026CAD0 /* Address.swift */ = {isa = PBXFileReference; lastKnownFileType = sourcecode.swift; path = Address.swift; sourceTree = "<group>"; };
		6C76D68D2117010B0026CAD0 /* User.swift */ = {isa = PBXFileReference; lastKnownFileType = sourcecode.swift; path = User.swift; sourceTree = "<group>"; };
		6C76D68F21171AE00026CAD0 /* ExpertMainViewController.swift */ = {isa = PBXFileReference; lastKnownFileType = sourcecode.swift; path = ExpertMainViewController.swift; sourceTree = "<group>"; };
		6C76D69221173E6C0026CAD0 /* ChannelClientViewController.swift */ = {isa = PBXFileReference; lastKnownFileType = sourcecode.swift; path = ChannelClientViewController.swift; sourceTree = "<group>"; };
		6C76D6952117408F0026CAD0 /* Channel.swift */ = {isa = PBXFileReference; lastKnownFileType = sourcecode.swift; path = Channel.swift; sourceTree = "<group>"; };
		6C76D698211756C30026CAD0 /* ProductAlmostReadyCell.swift */ = {isa = PBXFileReference; lastKnownFileType = sourcecode.swift; path = ProductAlmostReadyCell.swift; sourceTree = "<group>"; };
		6C76D699211756C30026CAD0 /* ProductAlmostReadyCell.xib */ = {isa = PBXFileReference; lastKnownFileType = file.xib; path = ProductAlmostReadyCell.xib; sourceTree = "<group>"; };
		6C76D69C211765F50026CAD0 /* AcceptTableViewCell.swift */ = {isa = PBXFileReference; lastKnownFileType = sourcecode.swift; path = AcceptTableViewCell.swift; sourceTree = "<group>"; };
		6C76D69D211765F50026CAD0 /* AcceptTableViewCell.xib */ = {isa = PBXFileReference; lastKnownFileType = file.xib; path = AcceptTableViewCell.xib; sourceTree = "<group>"; };
		6C76D6A4211792A70026CAD0 /* ErrorViewController.swift */ = {isa = PBXFileReference; lastKnownFileType = sourcecode.swift; path = ErrorViewController.swift; sourceTree = "<group>"; };
		6C76D6A62117A0CB0026CAD0 /* MapClientViewController.swift */ = {isa = PBXFileReference; lastKnownFileType = sourcecode.swift; path = MapClientViewController.swift; sourceTree = "<group>"; };
		6CF4B8412114FD910094B61E /* BackendError.swift */ = {isa = PBXFileReference; lastKnownFileType = sourcecode.swift; path = BackendError.swift; sourceTree = "<group>"; };
		6CF4B8442114FF8B0094B61E /* BaseViewController.swift */ = {isa = PBXFileReference; lastKnownFileType = sourcecode.swift; path = BaseViewController.swift; sourceTree = "<group>"; };
		6CF4B847211503B40094B61E /* Storage.swift */ = {isa = PBXFileReference; lastKnownFileType = sourcecode.swift; path = Storage.swift; sourceTree = "<group>"; };
		6CFBF016211A4999004C203D /* SellerViewController.swift */ = {isa = PBXFileReference; lastKnownFileType = sourcecode.swift; path = SellerViewController.swift; sourceTree = "<group>"; };
		6CFBF018211A5DAC004C203D /* SellerProduct.swift */ = {isa = PBXFileReference; lastKnownFileType = sourcecode.swift; path = SellerProduct.swift; sourceTree = "<group>"; };
		EE7AC0162113B78E00668663 /* ConfirmPhoneViewController.swift */ = {isa = PBXFileReference; lastKnownFileType = sourcecode.swift; path = ConfirmPhoneViewController.swift; sourceTree = "<group>"; };
		EE7AC0182113BA5600668663 /* ConfirmCodeViewController.swift */ = {isa = PBXFileReference; lastKnownFileType = sourcecode.swift; path = ConfirmCodeViewController.swift; sourceTree = "<group>"; };
		EE7AC01B2113BA8C00668663 /* RegistrationViewController.swift */ = {isa = PBXFileReference; lastKnownFileType = sourcecode.swift; path = RegistrationViewController.swift; sourceTree = "<group>"; };
		EE9E5EEC21261C2A003DD864 /* PageControl.storyboard */ = {isa = PBXFileReference; lastKnownFileType = file.storyboard; path = PageControl.storyboard; sourceTree = "<group>"; };
		EE9E5EEF2126258D003DD864 /* PageViewController.swift */ = {isa = PBXFileReference; lastKnownFileType = sourcecode.swift; path = PageViewController.swift; sourceTree = "<group>"; };
		EEB1949A2113A00A0017ED59 /* LoginViewController.swift */ = {isa = PBXFileReference; lastKnownFileType = sourcecode.swift; path = LoginViewController.swift; sourceTree = "<group>"; };
		EEB1949C2113A1DE0017ED59 /* Const.swift */ = {isa = PBXFileReference; lastKnownFileType = sourcecode.swift; path = Const.swift; sourceTree = "<group>"; };
		EEB1949E2113A2C90017ED59 /* NetworkManager.swift */ = {isa = PBXFileReference; lastKnownFileType = sourcecode.swift; name = NetworkManager.swift; path = SimpleWebRTC/NetworkManager.swift; sourceTree = SOURCE_ROOT; };
		EEB194A02113A6210017ED59 /* NetworkError.swift */ = {isa = PBXFileReference; lastKnownFileType = sourcecode.swift; path = NetworkError.swift; sourceTree = "<group>"; };
		EEB194A32113A8390017ED59 /* Result.swift */ = {isa = PBXFileReference; lastKnownFileType = sourcecode.swift; path = Result.swift; sourceTree = "<group>"; };
		FD1345E720149C7400426B77 /* Date+Milliseconds.swift */ = {isa = PBXFileReference; lastKnownFileType = sourcecode.swift; path = "Date+Milliseconds.swift"; sourceTree = "<group>"; };
		FD2A2DC32014986A00A68935 /* SimpleWebRTC.app */ = {isa = PBXFileReference; explicitFileType = wrapper.application; includeInIndex = 0; path = SimpleWebRTC.app; sourceTree = BUILT_PRODUCTS_DIR; };
		FD2A2DC62014986A00A68935 /* AppDelegate.swift */ = {isa = PBXFileReference; lastKnownFileType = sourcecode.swift; path = AppDelegate.swift; sourceTree = "<group>"; };
		FD2A2DC82014986A00A68935 /* ViewController.swift */ = {isa = PBXFileReference; lastKnownFileType = sourcecode.swift; path = ViewController.swift; sourceTree = "<group>"; };
		FD2A2DCB2014986A00A68935 /* Base */ = {isa = PBXFileReference; lastKnownFileType = file.storyboard; name = Base; path = Base.lproj/Main.storyboard; sourceTree = "<group>"; };
		FD2A2DCD2014986A00A68935 /* Assets.xcassets */ = {isa = PBXFileReference; lastKnownFileType = folder.assetcatalog; path = Assets.xcassets; sourceTree = "<group>"; };
		FD2A2DD02014986A00A68935 /* Base */ = {isa = PBXFileReference; lastKnownFileType = file.storyboard; name = Base; path = Base.lproj/LaunchScreen.storyboard; sourceTree = "<group>"; };
		FD2A2DD22014986A00A68935 /* Info.plist */ = {isa = PBXFileReference; lastKnownFileType = text.plist.xml; path = Info.plist; sourceTree = "<group>"; };
		FD2A2DD72014986A00A68935 /* SimpleWebRTCTests.xctest */ = {isa = PBXFileReference; explicitFileType = wrapper.cfbundle; includeInIndex = 0; path = SimpleWebRTCTests.xctest; sourceTree = BUILT_PRODUCTS_DIR; };
		FD2A2DDB2014986A00A68935 /* SimpleWebRTCTests.swift */ = {isa = PBXFileReference; lastKnownFileType = sourcecode.swift; path = SimpleWebRTCTests.swift; sourceTree = "<group>"; };
		FD2A2DDD2014986A00A68935 /* Info.plist */ = {isa = PBXFileReference; lastKnownFileType = text.plist.xml; path = Info.plist; sourceTree = "<group>"; };
		FD2A2DE22014986B00A68935 /* SimpleWebRTCUITests.xctest */ = {isa = PBXFileReference; explicitFileType = wrapper.cfbundle; includeInIndex = 0; path = SimpleWebRTCUITests.xctest; sourceTree = BUILT_PRODUCTS_DIR; };
		FD2A2DE62014986B00A68935 /* SimpleWebRTCUITests.swift */ = {isa = PBXFileReference; lastKnownFileType = sourcecode.swift; path = SimpleWebRTCUITests.swift; sourceTree = "<group>"; };
		FD2A2DE82014986B00A68935 /* Info.plist */ = {isa = PBXFileReference; lastKnownFileType = text.plist.xml; path = Info.plist; sourceTree = "<group>"; };
		FD2A2DF6201498CD00A68935 /* WebRtcClient.swift */ = {isa = PBXFileReference; lastKnownFileType = sourcecode.swift; path = WebRtcClient.swift; sourceTree = "<group>"; };
		FD2A2DF8201498E900A68935 /* WebRtcUtil.swift */ = {isa = PBXFileReference; lastKnownFileType = sourcecode.swift; path = WebRtcUtil.swift; sourceTree = "<group>"; };
/* End PBXFileReference section */

/* Begin PBXFrameworksBuildPhase section */
		FD2A2DC02014986A00A68935 /* Frameworks */ = {
			isa = PBXFrameworksBuildPhase;
			buildActionMask = 2147483647;
			files = (
				FC6EBDDFC3AD669B6B4F314F /* Pods_SimpleWebRTC.framework in Frameworks */,
			);
			runOnlyForDeploymentPostprocessing = 0;
		};
		FD2A2DD42014986A00A68935 /* Frameworks */ = {
			isa = PBXFrameworksBuildPhase;
			buildActionMask = 2147483647;
			files = (
			);
			runOnlyForDeploymentPostprocessing = 0;
		};
		FD2A2DDF2014986B00A68935 /* Frameworks */ = {
			isa = PBXFrameworksBuildPhase;
			buildActionMask = 2147483647;
			files = (
			);
			runOnlyForDeploymentPostprocessing = 0;
		};
/* End PBXFrameworksBuildPhase section */

/* Begin PBXGroup section */
		5960377E08B1AC811E22C18F /* Pods */ = {
			isa = PBXGroup;
			children = (
				33388B56A7866F651F148C2C /* Pods-SimpleWebRTC.debug.xcconfig */,
				1B9CB844094E24A33758677F /* Pods-SimpleWebRTC.release.xcconfig */,
			);
			name = Pods;
			sourceTree = "<group>";
		};
		6C2DDD40211517070005A962 /* Market */ = {
			isa = PBXGroup;
			children = (
				6C2DDD562115A6E30005A962 /* Cells */,
				6C2DDD3A211511D60005A962 /* MarketsViewController.swift */,
				6C2DDD502115A23E0005A962 /* MarketInfoViewController.swift */,
				6C2DDD5F2115B1160005A962 /* ExpertViewController.swift */,
			);
			path = Market;
			sourceTree = "<group>";
		};
		6C2DDD4721159DF30005A962 /* Drower */ = {
			isa = PBXGroup;
			children = (
				6C2DDD38211511870005A962 /* DroweViewController.swift */,
				6C2DDD4C21159EB30005A962 /* DrawerCell.swift */,
				6C2DDD4D21159EB30005A962 /* DrawerCell.xib */,
			);
			path = Drower;
			sourceTree = "<group>";
		};
		6C2DDD562115A6E30005A962 /* Cells */ = {
			isa = PBXGroup;
			children = (
				6C2DDD41211518B70005A962 /* MarketCell.swift */,
				6C2DDD4321151B890005A962 /* MarketCell.xib */,
				6C2DDD572115A7100005A962 /* MarketInfoHeaderCell.swift */,
				6C2DDD582115A7100005A962 /* MarketInfoHeaderCell.xib */,
				6C2DDD5B2115A9450005A962 /* ExpertCell.swift */,
				6C2DDD5C2115A9450005A962 /* ExpertCell.xib */,
			);
			path = Cells;
			sourceTree = "<group>";
		};
		6C2DDD652115CADC0005A962 /* Products */ = {
			isa = PBXGroup;
			children = (
				6C2DDD632115CA030005A962 /* ProductsViewController.swift */,
				6C2DDD662115CC070005A962 /* ProductCell.swift */,
				6C2DDD672115CC070005A962 /* ProductCell.xib */,
			);
			path = Products;
			sourceTree = "<group>";
		};
		6C2DDD6A2115D92B0005A962 /* MyOrders */ = {
			isa = PBXGroup;
			children = (
				6C2DDD6B2115D9570005A962 /* OrdersViewController.swift */,
				6C2DDD6E2115D9980005A962 /* OrderTableViewCell.xib */,
				6C2A2E6C2115E43B00A31A72 /* OrderTableViewCell.swift */,
			);
			path = MyOrders;
			sourceTree = "<group>";
		};
		6C76D69121173DD90026CAD0 /* ExpertCase */ = {
			isa = PBXGroup;
			children = (
				6C06306C211911D700971424 /* ExpertErrorViewController.swift */,
				6C06306A21190DDC00971424 /* ExpertDeliveryViewController.swift */,
				6C0630682119088500971424 /* ExpertSetPriceViewController.swift */,
				6C0630662118ED8B00971424 /* ExpertWebRTCViewController.swift */,
				6C0630642118E7B200971424 /* ExpertChooseViewController.swift */,
				6C76D68F21171AE00026CAD0 /* ExpertMainViewController.swift */,
			);
			path = ExpertCase;
			sourceTree = "<group>";
		};
		6C76D69421173E790026CAD0 /* ClientCase */ = {
			isa = PBXGroup;
			children = (
				6C76D697211756580026CAD0 /* cells */,
				FD2A2DC82014986A00A68935 /* ViewController.swift */,
				6C76D69221173E6C0026CAD0 /* ChannelClientViewController.swift */,
				6C76D6A4211792A70026CAD0 /* ErrorViewController.swift */,
				6C76D6A62117A0CB0026CAD0 /* MapClientViewController.swift */,
			);
			path = ClientCase;
			sourceTree = "<group>";
		};
		6C76D697211756580026CAD0 /* cells */ = {
			isa = PBXGroup;
			children = (
				6C76D698211756C30026CAD0 /* ProductAlmostReadyCell.swift */,
				6C76D699211756C30026CAD0 /* ProductAlmostReadyCell.xib */,
				6C76D69C211765F50026CAD0 /* AcceptTableViewCell.swift */,
				6C76D69D211765F50026CAD0 /* AcceptTableViewCell.xib */,
			);
			path = cells;
			sourceTree = "<group>";
		};
		6CF4B8432114FF6E0094B61E /* Base */ = {
			isa = PBXGroup;
			children = (
				6CF4B8442114FF8B0094B61E /* BaseViewController.swift */,
			);
			path = Base;
			sourceTree = "<group>";
		};
		6CF4B846211503940094B61E /* Storage */ = {
			isa = PBXGroup;
			children = (
				6CF4B847211503B40094B61E /* Storage.swift */,
			);
			path = Storage;
			sourceTree = "<group>";
		};
		6CFBF015211A497D004C203D /* SellerCase */ = {
			isa = PBXGroup;
			children = (
				6CFBF016211A4999004C203D /* SellerViewController.swift */,
			);
			path = SellerCase;
			sourceTree = "<group>";
		};
		EE7AC0152113AE3600668663 /* Network */ = {
			isa = PBXGroup;
			children = (
				EEB1949E2113A2C90017ED59 /* NetworkManager.swift */,
			);
			path = Network;
			sourceTree = "<group>";
		};
		EE7AC01A2113BA5F00668663 /* Reg */ = {
			isa = PBXGroup;
			children = (
				EE7AC0182113BA5600668663 /* ConfirmCodeViewController.swift */,
				EE7AC0162113B78E00668663 /* ConfirmPhoneViewController.swift */,
				EE7AC01B2113BA8C00668663 /* RegistrationViewController.swift */,
			);
			path = Reg;
			sourceTree = "<group>";
		};
		EE9E5EEE2126255C003DD864 /* PageControl */ = {
			isa = PBXGroup;
			children = (
				EE9E5EEC21261C2A003DD864 /* PageControl.storyboard */,
				EE9E5EEF2126258D003DD864 /* PageViewController.swift */,
			);
			path = PageControl;
			sourceTree = "<group>";
		};
		EEB194A22113A7CC0017ED59 /* Entities */ = {
			isa = PBXGroup;
			children = (
				EEB194A02113A6210017ED59 /* NetworkError.swift */,
				EEB194A32113A8390017ED59 /* Result.swift */,
				6CF4B8412114FD910094B61E /* BackendError.swift */,
				6C2DDD3C211514AF0005A962 /* Markets.swift */,
				6C2DDD522115A3DE0005A962 /* MarketInfo.swift */,
				6C2DDD542115A63F0005A962 /* Expert.swift */,
				6C2DDD612115BB1D0005A962 /* Product.swift */,
				6C2A2E6A2115DDDF00A31A72 /* Order.swift */,
				6C76D68B2116440F0026CAD0 /* Address.swift */,
				6C76D68D2117010B0026CAD0 /* User.swift */,
				6C76D6952117408F0026CAD0 /* Channel.swift */,
				6CFBF018211A5DAC004C203D /* SellerProduct.swift */,
			);
			path = Entities;
			sourceTree = "<group>";
		};
		F13C6239578601B289AE3113 /* Frameworks */ = {
			isa = PBXGroup;
			children = (
				04890E483F3FBDB9D9FA2BE8 /* Pods_SimpleWebRTC.framework */,
			);
			name = Frameworks;
			sourceTree = "<group>";
		};
		FD2A2DBA2014986A00A68935 = {
			isa = PBXGroup;
			children = (
				FD2A2DC52014986A00A68935 /* SimpleWebRTC */,
				FD2A2DDA2014986A00A68935 /* SimpleWebRTCTests */,
				FD2A2DE52014986B00A68935 /* SimpleWebRTCUITests */,
				FD2A2DC42014986A00A68935 /* Products */,
				5960377E08B1AC811E22C18F /* Pods */,
				F13C6239578601B289AE3113 /* Frameworks */,
			);
			sourceTree = "<group>";
		};
		FD2A2DC42014986A00A68935 /* Products */ = {
			isa = PBXGroup;
			children = (
				FD2A2DC32014986A00A68935 /* SimpleWebRTC.app */,
				FD2A2DD72014986A00A68935 /* SimpleWebRTCTests.xctest */,
				FD2A2DE22014986B00A68935 /* SimpleWebRTCUITests.xctest */,
			);
			name = Products;
			sourceTree = "<group>";
		};
		FD2A2DC52014986A00A68935 /* SimpleWebRTC */ = {
			isa = PBXGroup;
			children = (
				6C2DDD6A2115D92B0005A962 /* MyOrders */,
				6C2DDD4721159DF30005A962 /* Drower */,
				6C2DDD40211517070005A962 /* Market */,
				6CF4B846211503940094B61E /* Storage */,
				6CF4B8432114FF6E0094B61E /* Base */,
				EE7AC01A2113BA5F00668663 /* Reg */,
				6C2DDD652115CADC0005A962 /* Products */,
				EE7AC0152113AE3600668663 /* Network */,
				EEB194A22113A7CC0017ED59 /* Entities */,
				6C76D68921161F220026CAD0 /* LocationViewController.swift */,
				6C76D69121173DD90026CAD0 /* ExpertCase */,
				6C76D69421173E790026CAD0 /* ClientCase */,
				EE9E5EEE2126255C003DD864 /* PageControl */,
				6CFBF015211A497D004C203D /* SellerCase */,
				FD2A2DC62014986A00A68935 /* AppDelegate.swift */,
				EEB1949C2113A1DE0017ED59 /* Const.swift */,
				EEB1949A2113A00A0017ED59 /* LoginViewController.swift */,
				FD2A2DCA2014986A00A68935 /* Main.storyboard */,
				FD2A2DF6201498CD00A68935 /* WebRtcClient.swift */,
				FD2A2DF8201498E900A68935 /* WebRtcUtil.swift */,
				FDC194232014B87800F87207 /* Extensions */,
				FD2A2DF5201498A300A68935 /* Supporting Files */,
			);
			path = SimpleWebRTC;
			sourceTree = "<group>";
		};
		FD2A2DDA2014986A00A68935 /* SimpleWebRTCTests */ = {
			isa = PBXGroup;
			children = (
				FD2A2DDB2014986A00A68935 /* SimpleWebRTCTests.swift */,
				FD2A2DDD2014986A00A68935 /* Info.plist */,
			);
			path = SimpleWebRTCTests;
			sourceTree = "<group>";
		};
		FD2A2DE52014986B00A68935 /* SimpleWebRTCUITests */ = {
			isa = PBXGroup;
			children = (
				FD2A2DE62014986B00A68935 /* SimpleWebRTCUITests.swift */,
				FD2A2DE82014986B00A68935 /* Info.plist */,
			);
			path = SimpleWebRTCUITests;
			sourceTree = "<group>";
		};
		FD2A2DF5201498A300A68935 /* Supporting Files */ = {
			isa = PBXGroup;
			children = (
				FD2A2DCD2014986A00A68935 /* Assets.xcassets */,
				FD2A2DCF2014986A00A68935 /* LaunchScreen.storyboard */,
				FD2A2DD22014986A00A68935 /* Info.plist */,
			);
			name = "Supporting Files";
			sourceTree = "<group>";
		};
		FDC194232014B87800F87207 /* Extensions */ = {
			isa = PBXGroup;
			children = (
				FD1345E720149C7400426B77 /* Date+Milliseconds.swift */,
			);
			path = Extensions;
			sourceTree = "<group>";
		};
/* End PBXGroup section */

/* Begin PBXNativeTarget section */
		FD2A2DC22014986A00A68935 /* SimpleWebRTC */ = {
			isa = PBXNativeTarget;
			buildConfigurationList = FD2A2DEB2014986B00A68935 /* Build configuration list for PBXNativeTarget "SimpleWebRTC" */;
			buildPhases = (
				B19E0DBE6854874C2223B321 /* [CP] Check Pods Manifest.lock */,
				FD2A2DBF2014986A00A68935 /* Sources */,
				FD2A2DC02014986A00A68935 /* Frameworks */,
				FD2A2DC12014986A00A68935 /* Resources */,
				DD74BEA1DEC4AFBBB755DE92 /* [CP] Embed Pods Frameworks */,
				524A1F7A2E27B67619ECF02A /* [CP] Copy Pods Resources */,
			);
			buildRules = (
			);
			dependencies = (
			);
			name = SimpleWebRTC;
			productName = SimpleWebRTC;
			productReference = FD2A2DC32014986A00A68935 /* SimpleWebRTC.app */;
			productType = "com.apple.product-type.application";
		};
		FD2A2DD62014986A00A68935 /* SimpleWebRTCTests */ = {
			isa = PBXNativeTarget;
			buildConfigurationList = FD2A2DEE2014986B00A68935 /* Build configuration list for PBXNativeTarget "SimpleWebRTCTests" */;
			buildPhases = (
				FD2A2DD32014986A00A68935 /* Sources */,
				FD2A2DD42014986A00A68935 /* Frameworks */,
				FD2A2DD52014986A00A68935 /* Resources */,
			);
			buildRules = (
			);
			dependencies = (
				FD2A2DD92014986A00A68935 /* PBXTargetDependency */,
			);
			name = SimpleWebRTCTests;
			productName = SimpleWebRTCTests;
			productReference = FD2A2DD72014986A00A68935 /* SimpleWebRTCTests.xctest */;
			productType = "com.apple.product-type.bundle.unit-test";
		};
		FD2A2DE12014986B00A68935 /* SimpleWebRTCUITests */ = {
			isa = PBXNativeTarget;
			buildConfigurationList = FD2A2DF12014986B00A68935 /* Build configuration list for PBXNativeTarget "SimpleWebRTCUITests" */;
			buildPhases = (
				FD2A2DDE2014986B00A68935 /* Sources */,
				FD2A2DDF2014986B00A68935 /* Frameworks */,
				FD2A2DE02014986B00A68935 /* Resources */,
			);
			buildRules = (
			);
			dependencies = (
				FD2A2DE42014986B00A68935 /* PBXTargetDependency */,
			);
			name = SimpleWebRTCUITests;
			productName = SimpleWebRTCUITests;
			productReference = FD2A2DE22014986B00A68935 /* SimpleWebRTCUITests.xctest */;
			productType = "com.apple.product-type.bundle.ui-testing";
		};
/* End PBXNativeTarget section */

/* Begin PBXProject section */
		FD2A2DBB2014986A00A68935 /* Project object */ = {
			isa = PBXProject;
			attributes = {
				LastSwiftUpdateCheck = 0920;
				LastUpgradeCheck = 0920;
				ORGANIZATIONNAME = "Erdi T";
				TargetAttributes = {
					FD2A2DC22014986A00A68935 = {
						CreatedOnToolsVersion = 9.2;
						ProvisioningStyle = Automatic;
					};
					FD2A2DD62014986A00A68935 = {
						CreatedOnToolsVersion = 9.2;
						ProvisioningStyle = Automatic;
						TestTargetID = FD2A2DC22014986A00A68935;
					};
					FD2A2DE12014986B00A68935 = {
						CreatedOnToolsVersion = 9.2;
						ProvisioningStyle = Automatic;
						TestTargetID = FD2A2DC22014986A00A68935;
					};
				};
			};
			buildConfigurationList = FD2A2DBE2014986A00A68935 /* Build configuration list for PBXProject "SimpleWebRTC" */;
			compatibilityVersion = "Xcode 8.0";
			developmentRegion = en;
			hasScannedForEncodings = 0;
			knownRegions = (
				en,
				Base,
			);
			mainGroup = FD2A2DBA2014986A00A68935;
			productRefGroup = FD2A2DC42014986A00A68935 /* Products */;
			projectDirPath = "";
			projectRoot = "";
			targets = (
				FD2A2DC22014986A00A68935 /* SimpleWebRTC */,
				FD2A2DD62014986A00A68935 /* SimpleWebRTCTests */,
				FD2A2DE12014986B00A68935 /* SimpleWebRTCUITests */,
			);
		};
/* End PBXProject section */

/* Begin PBXResourcesBuildPhase section */
		FD2A2DC12014986A00A68935 /* Resources */ = {
			isa = PBXResourcesBuildPhase;
			buildActionMask = 2147483647;
			files = (
				6C2DDD4F21159EB30005A962 /* DrawerCell.xib in Resources */,
				6C2DDD692115CC070005A962 /* ProductCell.xib in Resources */,
				6C76D69F211765F50026CAD0 /* AcceptTableViewCell.xib in Resources */,
				6C2DDD5E2115A9450005A962 /* ExpertCell.xib in Resources */,
				6C2DDD702115D9980005A962 /* OrderTableViewCell.xib in Resources */,
				FD2A2DD12014986A00A68935 /* LaunchScreen.storyboard in Resources */,
				6C2DDD5A2115A7100005A962 /* MarketInfoHeaderCell.xib in Resources */,
				EE9E5EED21261C2A003DD864 /* PageControl.storyboard in Resources */,
				FD2A2DCE2014986A00A68935 /* Assets.xcassets in Resources */,
				FD2A2DCC2014986A00A68935 /* Main.storyboard in Resources */,
				6C2DDD4421151B890005A962 /* MarketCell.xib in Resources */,
				6C76D69B211756C30026CAD0 /* ProductAlmostReadyCell.xib in Resources */,
			);
			runOnlyForDeploymentPostprocessing = 0;
		};
		FD2A2DD52014986A00A68935 /* Resources */ = {
			isa = PBXResourcesBuildPhase;
			buildActionMask = 2147483647;
			files = (
			);
			runOnlyForDeploymentPostprocessing = 0;
		};
		FD2A2DE02014986B00A68935 /* Resources */ = {
			isa = PBXResourcesBuildPhase;
			buildActionMask = 2147483647;
			files = (
			);
			runOnlyForDeploymentPostprocessing = 0;
		};
/* End PBXResourcesBuildPhase section */

/* Begin PBXShellScriptBuildPhase section */
		524A1F7A2E27B67619ECF02A /* [CP] Copy Pods Resources */ = {
			isa = PBXShellScriptBuildPhase;
			buildActionMask = 2147483647;
			files = (
			);
			inputPaths = (
				"${SRCROOT}/Pods/Target Support Files/Pods-SimpleWebRTC/Pods-SimpleWebRTC-resources.sh",
				"${PODS_ROOT}/YandexMapKit/YandexMapKit.framework/Versions/A/Resources/YandexMapKit.bundle",
				"${PODS_ROOT}/YandexRuntime/YandexRuntime.framework/Versions/A/Resources/YandexRuntime.bundle",
			);
			name = "[CP] Copy Pods Resources";
			outputPaths = (
				"${TARGET_BUILD_DIR}/${UNLOCALIZED_RESOURCES_FOLDER_PATH}/YandexMapKit.bundle",
				"${TARGET_BUILD_DIR}/${UNLOCALIZED_RESOURCES_FOLDER_PATH}/YandexRuntime.bundle",
			);
			runOnlyForDeploymentPostprocessing = 0;
			shellPath = /bin/sh;
			shellScript = "\"${SRCROOT}/Pods/Target Support Files/Pods-SimpleWebRTC/Pods-SimpleWebRTC-resources.sh\"\n";
			showEnvVarsInLog = 0;
		};
		B19E0DBE6854874C2223B321 /* [CP] Check Pods Manifest.lock */ = {
			isa = PBXShellScriptBuildPhase;
			buildActionMask = 2147483647;
			files = (
			);
			inputPaths = (
				"${PODS_PODFILE_DIR_PATH}/Podfile.lock",
				"${PODS_ROOT}/Manifest.lock",
			);
			name = "[CP] Check Pods Manifest.lock";
			outputPaths = (
				"$(DERIVED_FILE_DIR)/Pods-SimpleWebRTC-checkManifestLockResult.txt",
			);
			runOnlyForDeploymentPostprocessing = 0;
			shellPath = /bin/sh;
			shellScript = "diff \"${PODS_PODFILE_DIR_PATH}/Podfile.lock\" \"${PODS_ROOT}/Manifest.lock\" > /dev/null\nif [ $? != 0 ] ; then\n    # print error to STDERR\n    echo \"error: The sandbox is not in sync with the Podfile.lock. Run 'pod install' or update your CocoaPods installation.\" >&2\n    exit 1\nfi\n# This output is used by Xcode 'outputs' to avoid re-running this script phase.\necho \"SUCCESS\" > \"${SCRIPT_OUTPUT_FILE_0}\"\n";
			showEnvVarsInLog = 0;
		};
		DD74BEA1DEC4AFBBB755DE92 /* [CP] Embed Pods Frameworks */ = {
			isa = PBXShellScriptBuildPhase;
			buildActionMask = 2147483647;
			files = (
			);
			inputPaths = (
				"${SRCROOT}/Pods/Target Support Files/Pods-SimpleWebRTC/Pods-SimpleWebRTC-frameworks.sh",
				"${BUILT_PRODUCTS_DIR}/Alamofire/Alamofire.framework",
				"${BUILT_PRODUCTS_DIR}/AlamofireLogger/AlamofireLogger.framework",
				"${BUILT_PRODUCTS_DIR}/AlamofireNetworkActivityLogger/AlamofireNetworkActivityLogger.framework",
				"${PODS_ROOT}/GoogleWebRTC/Frameworks/frameworks/WebRTC.framework",
				"${BUILT_PRODUCTS_DIR}/IQKeyboardManager/IQKeyboardManager.framework",
				"${BUILT_PRODUCTS_DIR}/KYDrawerController/KYDrawerController.framework",
				"${BUILT_PRODUCTS_DIR}/Kingfisher/Kingfisher.framework",
				"${BUILT_PRODUCTS_DIR}/NVActivityIndicatorView/NVActivityIndicatorView.framework",
				"${BUILT_PRODUCTS_DIR}/PromiseKit/PromiseKit.framework",
				"${BUILT_PRODUCTS_DIR}/Socket.IO-Client-Swift/SocketIO.framework",
				"${BUILT_PRODUCTS_DIR}/StarscreamSocketIO/StarscreamSocketIO.framework",
				"${BUILT_PRODUCTS_DIR}/SwipeCellKit/SwipeCellKit.framework",
			);
			name = "[CP] Embed Pods Frameworks";
			outputPaths = (
				"${TARGET_BUILD_DIR}/${FRAMEWORKS_FOLDER_PATH}/Alamofire.framework",
				"${TARGET_BUILD_DIR}/${FRAMEWORKS_FOLDER_PATH}/AlamofireLogger.framework",
				"${TARGET_BUILD_DIR}/${FRAMEWORKS_FOLDER_PATH}/AlamofireNetworkActivityLogger.framework",
				"${TARGET_BUILD_DIR}/${FRAMEWORKS_FOLDER_PATH}/WebRTC.framework",
				"${TARGET_BUILD_DIR}/${FRAMEWORKS_FOLDER_PATH}/IQKeyboardManager.framework",
				"${TARGET_BUILD_DIR}/${FRAMEWORKS_FOLDER_PATH}/KYDrawerController.framework",
				"${TARGET_BUILD_DIR}/${FRAMEWORKS_FOLDER_PATH}/Kingfisher.framework",
				"${TARGET_BUILD_DIR}/${FRAMEWORKS_FOLDER_PATH}/NVActivityIndicatorView.framework",
				"${TARGET_BUILD_DIR}/${FRAMEWORKS_FOLDER_PATH}/PromiseKit.framework",
				"${TARGET_BUILD_DIR}/${FRAMEWORKS_FOLDER_PATH}/SocketIO.framework",
				"${TARGET_BUILD_DIR}/${FRAMEWORKS_FOLDER_PATH}/StarscreamSocketIO.framework",
				"${TARGET_BUILD_DIR}/${FRAMEWORKS_FOLDER_PATH}/SwipeCellKit.framework",
			);
			runOnlyForDeploymentPostprocessing = 0;
			shellPath = /bin/sh;
			shellScript = "\"${SRCROOT}/Pods/Target Support Files/Pods-SimpleWebRTC/Pods-SimpleWebRTC-frameworks.sh\"\n";
			showEnvVarsInLog = 0;
		};
/* End PBXShellScriptBuildPhase section */

/* Begin PBXSourcesBuildPhase section */
		FD2A2DBF2014986A00A68935 /* Sources */ = {
			isa = PBXSourcesBuildPhase;
			buildActionMask = 2147483647;
			files = (
				6C2DDD512115A23E0005A962 /* MarketInfoViewController.swift in Sources */,
				6C2DDD4E21159EB30005A962 /* DrawerCell.swift in Sources */,
				6C2DDD532115A3DE0005A962 /* MarketInfo.swift in Sources */,
				EEB1949B2113A00A0017ED59 /* LoginViewController.swift in Sources */,
				6C2DDD592115A7100005A962 /* MarketInfoHeaderCell.swift in Sources */,
				FD2A2DF9201498E900A68935 /* WebRtcUtil.swift in Sources */,
				EE7AC0192113BA5600668663 /* ConfirmCodeViewController.swift in Sources */,
				6C76D6A5211792A70026CAD0 /* ErrorViewController.swift in Sources */,
				6C76D69021171AE00026CAD0 /* ExpertMainViewController.swift in Sources */,
				6C2DDD602115B1160005A962 /* ExpertViewController.swift in Sources */,
				6C0630652118E7B200971424 /* ExpertChooseViewController.swift in Sources */,
				6C06306D211911D700971424 /* ExpertErrorViewController.swift in Sources */,
				6C2DDD42211518B70005A962 /* MarketCell.swift in Sources */,
				6C0630672118ED8B00971424 /* ExpertWebRTCViewController.swift in Sources */,
				6C2DDD642115CA030005A962 /* ProductsViewController.swift in Sources */,
				6CF4B8422114FD910094B61E /* BackendError.swift in Sources */,
				6C76D6A72117A0CB0026CAD0 /* MapClientViewController.swift in Sources */,
				FD2A2DC92014986A00A68935 /* ViewController.swift in Sources */,
				6CF4B8452114FF8B0094B61E /* BaseViewController.swift in Sources */,
				6C76D69E211765F50026CAD0 /* AcceptTableViewCell.swift in Sources */,
				6C2DDD5D2115A9450005A962 /* ExpertCell.swift in Sources */,
				6C2DDD622115BB1D0005A962 /* Product.swift in Sources */,
				6C0630692119088500971424 /* ExpertSetPriceViewController.swift in Sources */,
				6C76D6962117408F0026CAD0 /* Channel.swift in Sources */,
				6C2A2E6B2115DDDF00A31A72 /* Order.swift in Sources */,
				EE7AC01C2113BA8C00668663 /* RegistrationViewController.swift in Sources */,
				EE7AC0172113B78E00668663 /* ConfirmPhoneViewController.swift in Sources */,
				6CFBF017211A4999004C203D /* SellerViewController.swift in Sources */,
				6C2DDD39211511870005A962 /* DroweViewController.swift in Sources */,
				6C2A2E6D2115E43B00A31A72 /* OrderTableViewCell.swift in Sources */,
				6CFBF019211A5DAC004C203D /* SellerProduct.swift in Sources */,
				FD2A2DF7201498CD00A68935 /* WebRtcClient.swift in Sources */,
				6C76D68A21161F220026CAD0 /* LocationViewController.swift in Sources */,
				6C2DDD3D211514AF0005A962 /* Markets.swift in Sources */,
				6C2DDD552115A63F0005A962 /* Expert.swift in Sources */,
				EEB1949F2113A2C90017ED59 /* NetworkManager.swift in Sources */,
				FD2A2DC72014986A00A68935 /* AppDelegate.swift in Sources */,
				EEB194A42113A8390017ED59 /* Result.swift in Sources */,
				6C76D69A211756C30026CAD0 /* ProductAlmostReadyCell.swift in Sources */,
				EEB194A12113A6210017ED59 /* NetworkError.swift in Sources */,
				6C06306B21190DDC00971424 /* ExpertDeliveryViewController.swift in Sources */,
				6CF4B848211503B40094B61E /* Storage.swift in Sources */,
				EE9E5EF02126258D003DD864 /* PageViewController.swift in Sources */,
				6C2DDD6C2115D9570005A962 /* OrdersViewController.swift in Sources */,
				6C76D69321173E6C0026CAD0 /* ChannelClientViewController.swift in Sources */,
				FD1345E820149C7400426B77 /* Date+Milliseconds.swift in Sources */,
				6C2DDD682115CC070005A962 /* ProductCell.swift in Sources */,
				6C76D68E2117010B0026CAD0 /* User.swift in Sources */,
				6C2DDD3B211511D60005A962 /* MarketsViewController.swift in Sources */,
				EEB1949D2113A1DE0017ED59 /* Const.swift in Sources */,
				6C76D68C2116440F0026CAD0 /* Address.swift in Sources */,
			);
			runOnlyForDeploymentPostprocessing = 0;
		};
		FD2A2DD32014986A00A68935 /* Sources */ = {
			isa = PBXSourcesBuildPhase;
			buildActionMask = 2147483647;
			files = (
				FD2A2DDC2014986A00A68935 /* SimpleWebRTCTests.swift in Sources */,
			);
			runOnlyForDeploymentPostprocessing = 0;
		};
		FD2A2DDE2014986B00A68935 /* Sources */ = {
			isa = PBXSourcesBuildPhase;
			buildActionMask = 2147483647;
			files = (
				FD2A2DE72014986B00A68935 /* SimpleWebRTCUITests.swift in Sources */,
			);
			runOnlyForDeploymentPostprocessing = 0;
		};
/* End PBXSourcesBuildPhase section */

/* Begin PBXTargetDependency section */
		FD2A2DD92014986A00A68935 /* PBXTargetDependency */ = {
			isa = PBXTargetDependency;
			target = FD2A2DC22014986A00A68935 /* SimpleWebRTC */;
			targetProxy = FD2A2DD82014986A00A68935 /* PBXContainerItemProxy */;
		};
		FD2A2DE42014986B00A68935 /* PBXTargetDependency */ = {
			isa = PBXTargetDependency;
			target = FD2A2DC22014986A00A68935 /* SimpleWebRTC */;
			targetProxy = FD2A2DE32014986B00A68935 /* PBXContainerItemProxy */;
		};
/* End PBXTargetDependency section */

/* Begin PBXVariantGroup section */
		FD2A2DCA2014986A00A68935 /* Main.storyboard */ = {
			isa = PBXVariantGroup;
			children = (
				FD2A2DCB2014986A00A68935 /* Base */,
			);
			name = Main.storyboard;
			sourceTree = "<group>";
		};
		FD2A2DCF2014986A00A68935 /* LaunchScreen.storyboard */ = {
			isa = PBXVariantGroup;
			children = (
				FD2A2DD02014986A00A68935 /* Base */,
			);
			name = LaunchScreen.storyboard;
			sourceTree = "<group>";
		};
/* End PBXVariantGroup section */

/* Begin XCBuildConfiguration section */
		FD2A2DE92014986B00A68935 /* Debug */ = {
			isa = XCBuildConfiguration;
			buildSettings = {
				ALWAYS_SEARCH_USER_PATHS = NO;
				CLANG_ANALYZER_NONNULL = YES;
				CLANG_ANALYZER_NUMBER_OBJECT_CONVERSION = YES_AGGRESSIVE;
				CLANG_CXX_LANGUAGE_STANDARD = "gnu++14";
				CLANG_CXX_LIBRARY = "libc++";
				CLANG_ENABLE_MODULES = YES;
				CLANG_ENABLE_OBJC_ARC = YES;
				CLANG_WARN_BLOCK_CAPTURE_AUTORELEASING = YES;
				CLANG_WARN_BOOL_CONVERSION = YES;
				CLANG_WARN_COMMA = YES;
				CLANG_WARN_CONSTANT_CONVERSION = YES;
				CLANG_WARN_DIRECT_OBJC_ISA_USAGE = YES_ERROR;
				CLANG_WARN_DOCUMENTATION_COMMENTS = YES;
				CLANG_WARN_EMPTY_BODY = YES;
				CLANG_WARN_ENUM_CONVERSION = YES;
				CLANG_WARN_INFINITE_RECURSION = YES;
				CLANG_WARN_INT_CONVERSION = YES;
				CLANG_WARN_NON_LITERAL_NULL_CONVERSION = YES;
				CLANG_WARN_OBJC_LITERAL_CONVERSION = YES;
				CLANG_WARN_OBJC_ROOT_CLASS = YES_ERROR;
				CLANG_WARN_RANGE_LOOP_ANALYSIS = YES;
				CLANG_WARN_STRICT_PROTOTYPES = YES;
				CLANG_WARN_SUSPICIOUS_MOVE = YES;
				CLANG_WARN_UNGUARDED_AVAILABILITY = YES_AGGRESSIVE;
				CLANG_WARN_UNREACHABLE_CODE = YES;
				CLANG_WARN__DUPLICATE_METHOD_MATCH = YES;
				CODE_SIGN_IDENTITY = "iPhone Developer";
				COPY_PHASE_STRIP = NO;
				DEBUG_INFORMATION_FORMAT = dwarf;
				ENABLE_STRICT_OBJC_MSGSEND = YES;
				ENABLE_TESTABILITY = YES;
				GCC_C_LANGUAGE_STANDARD = gnu11;
				GCC_DYNAMIC_NO_PIC = NO;
				GCC_NO_COMMON_BLOCKS = YES;
				GCC_OPTIMIZATION_LEVEL = 0;
				GCC_PREPROCESSOR_DEFINITIONS = (
					"DEBUG=1",
					"$(inherited)",
				);
				GCC_WARN_64_TO_32_BIT_CONVERSION = YES;
				GCC_WARN_ABOUT_RETURN_TYPE = YES_ERROR;
				GCC_WARN_UNDECLARED_SELECTOR = YES;
				GCC_WARN_UNINITIALIZED_AUTOS = YES_AGGRESSIVE;
				GCC_WARN_UNUSED_FUNCTION = YES;
				GCC_WARN_UNUSED_VARIABLE = YES;
				IPHONEOS_DEPLOYMENT_TARGET = 11.2;
				MTL_ENABLE_DEBUG_INFO = YES;
				ONLY_ACTIVE_ARCH = YES;
				SDKROOT = iphoneos;
				SWIFT_ACTIVE_COMPILATION_CONDITIONS = DEBUG;
				SWIFT_OPTIMIZATION_LEVEL = "-Onone";
			};
			name = Debug;
		};
		FD2A2DEA2014986B00A68935 /* Release */ = {
			isa = XCBuildConfiguration;
			buildSettings = {
				ALWAYS_SEARCH_USER_PATHS = NO;
				CLANG_ANALYZER_NONNULL = YES;
				CLANG_ANALYZER_NUMBER_OBJECT_CONVERSION = YES_AGGRESSIVE;
				CLANG_CXX_LANGUAGE_STANDARD = "gnu++14";
				CLANG_CXX_LIBRARY = "libc++";
				CLANG_ENABLE_MODULES = YES;
				CLANG_ENABLE_OBJC_ARC = YES;
				CLANG_WARN_BLOCK_CAPTURE_AUTORELEASING = YES;
				CLANG_WARN_BOOL_CONVERSION = YES;
				CLANG_WARN_COMMA = YES;
				CLANG_WARN_CONSTANT_CONVERSION = YES;
				CLANG_WARN_DIRECT_OBJC_ISA_USAGE = YES_ERROR;
				CLANG_WARN_DOCUMENTATION_COMMENTS = YES;
				CLANG_WARN_EMPTY_BODY = YES;
				CLANG_WARN_ENUM_CONVERSION = YES;
				CLANG_WARN_INFINITE_RECURSION = YES;
				CLANG_WARN_INT_CONVERSION = YES;
				CLANG_WARN_NON_LITERAL_NULL_CONVERSION = YES;
				CLANG_WARN_OBJC_LITERAL_CONVERSION = YES;
				CLANG_WARN_OBJC_ROOT_CLASS = YES_ERROR;
				CLANG_WARN_RANGE_LOOP_ANALYSIS = YES;
				CLANG_WARN_STRICT_PROTOTYPES = YES;
				CLANG_WARN_SUSPICIOUS_MOVE = YES;
				CLANG_WARN_UNGUARDED_AVAILABILITY = YES_AGGRESSIVE;
				CLANG_WARN_UNREACHABLE_CODE = YES;
				CLANG_WARN__DUPLICATE_METHOD_MATCH = YES;
				CODE_SIGN_IDENTITY = "iPhone Developer";
				COPY_PHASE_STRIP = NO;
				DEBUG_INFORMATION_FORMAT = "dwarf-with-dsym";
				ENABLE_NS_ASSERTIONS = NO;
				ENABLE_STRICT_OBJC_MSGSEND = YES;
				GCC_C_LANGUAGE_STANDARD = gnu11;
				GCC_NO_COMMON_BLOCKS = YES;
				GCC_WARN_64_TO_32_BIT_CONVERSION = YES;
				GCC_WARN_ABOUT_RETURN_TYPE = YES_ERROR;
				GCC_WARN_UNDECLARED_SELECTOR = YES;
				GCC_WARN_UNINITIALIZED_AUTOS = YES_AGGRESSIVE;
				GCC_WARN_UNUSED_FUNCTION = YES;
				GCC_WARN_UNUSED_VARIABLE = YES;
				IPHONEOS_DEPLOYMENT_TARGET = 11.2;
				MTL_ENABLE_DEBUG_INFO = NO;
				SDKROOT = iphoneos;
				SWIFT_OPTIMIZATION_LEVEL = "-Owholemodule";
				VALIDATE_PRODUCT = YES;
			};
			name = Release;
		};
		FD2A2DEC2014986B00A68935 /* Debug */ = {
			isa = XCBuildConfiguration;
			baseConfigurationReference = 33388B56A7866F651F148C2C /* Pods-SimpleWebRTC.debug.xcconfig */;
			buildSettings = {
				ASSETCATALOG_COMPILER_APPICON_NAME = AppIcon;
				CODE_SIGN_IDENTITY = "iPhone Developer";
				"CODE_SIGN_IDENTITY[sdk=iphoneos*]" = "iPhone Developer";
				CODE_SIGN_STYLE = Automatic;
				DEVELOPMENT_TEAM = VB25GCX37J;
				ENABLE_BITCODE = NO;
				INFOPLIST_FILE = SimpleWebRTC/Info.plist;
				IPHONEOS_DEPLOYMENT_TARGET = 10.0;
				LD_RUNPATH_SEARCH_PATHS = "$(inherited) @executable_path/Frameworks";
				PRODUCT_BUNDLE_IDENTIFIER = webrtc.com;
				PRODUCT_NAME = "$(TARGET_NAME)";
				PROVISIONING_PROFILE = "";
				PROVISIONING_PROFILE_SPECIFIER = "";
				SWIFT_VERSION = 4.0;
				TARGETED_DEVICE_FAMILY = "1,2";
			};
			name = Debug;
		};
		FD2A2DED2014986B00A68935 /* Release */ = {
			isa = XCBuildConfiguration;
			baseConfigurationReference = 1B9CB844094E24A33758677F /* Pods-SimpleWebRTC.release.xcconfig */;
			buildSettings = {
				ASSETCATALOG_COMPILER_APPICON_NAME = AppIcon;
				CODE_SIGN_IDENTITY = "iPhone Developer";
				"CODE_SIGN_IDENTITY[sdk=iphoneos*]" = "iPhone Developer";
				CODE_SIGN_STYLE = Automatic;
				DEVELOPMENT_TEAM = VB25GCX37J;
				ENABLE_BITCODE = NO;
				INFOPLIST_FILE = SimpleWebRTC/Info.plist;
				IPHONEOS_DEPLOYMENT_TARGET = 10.0;
				LD_RUNPATH_SEARCH_PATHS = "$(inherited) @executable_path/Frameworks";
				PRODUCT_BUNDLE_IDENTIFIER = webrtc.com;
				PRODUCT_NAME = "$(TARGET_NAME)";
				PROVISIONING_PROFILE_SPECIFIER = "";
				SWIFT_VERSION = 4.0;
				TARGETED_DEVICE_FAMILY = "1,2";
			};
			name = Release;
		};
		FD2A2DEF2014986B00A68935 /* Debug */ = {
			isa = XCBuildConfiguration;
			buildSettings = {
				ALWAYS_EMBED_SWIFT_STANDARD_LIBRARIES = YES;
				BUNDLE_LOADER = "$(TEST_HOST)";
				CODE_SIGN_STYLE = Automatic;
				DEVELOPMENT_TEAM = 9BHVUP9227;
				INFOPLIST_FILE = SimpleWebRTCTests/Info.plist;
				LD_RUNPATH_SEARCH_PATHS = "$(inherited) @executable_path/Frameworks @loader_path/Frameworks";
				PRODUCT_BUNDLE_IDENTIFIER = com.etnclp.SimpleWebRTCTests;
				PRODUCT_NAME = "$(TARGET_NAME)";
				SWIFT_VERSION = 4.0;
				TARGETED_DEVICE_FAMILY = "1,2";
				TEST_HOST = "$(BUILT_PRODUCTS_DIR)/SimpleWebRTC.app/SimpleWebRTC";
			};
			name = Debug;
		};
		FD2A2DF02014986B00A68935 /* Release */ = {
			isa = XCBuildConfiguration;
			buildSettings = {
				ALWAYS_EMBED_SWIFT_STANDARD_LIBRARIES = YES;
				BUNDLE_LOADER = "$(TEST_HOST)";
				CODE_SIGN_STYLE = Automatic;
				DEVELOPMENT_TEAM = 9BHVUP9227;
				INFOPLIST_FILE = SimpleWebRTCTests/Info.plist;
				LD_RUNPATH_SEARCH_PATHS = "$(inherited) @executable_path/Frameworks @loader_path/Frameworks";
				PRODUCT_BUNDLE_IDENTIFIER = com.etnclp.SimpleWebRTCTests;
				PRODUCT_NAME = "$(TARGET_NAME)";
				SWIFT_VERSION = 4.0;
				TARGETED_DEVICE_FAMILY = "1,2";
				TEST_HOST = "$(BUILT_PRODUCTS_DIR)/SimpleWebRTC.app/SimpleWebRTC";
			};
			name = Release;
		};
		FD2A2DF22014986B00A68935 /* Debug */ = {
			isa = XCBuildConfiguration;
			buildSettings = {
				ALWAYS_EMBED_SWIFT_STANDARD_LIBRARIES = YES;
				CODE_SIGN_STYLE = Automatic;
				DEVELOPMENT_TEAM = 9BHVUP9227;
				INFOPLIST_FILE = SimpleWebRTCUITests/Info.plist;
				LD_RUNPATH_SEARCH_PATHS = "$(inherited) @executable_path/Frameworks @loader_path/Frameworks";
				PRODUCT_BUNDLE_IDENTIFIER = com.etnclp.SimpleWebRTCUITests;
				PRODUCT_NAME = "$(TARGET_NAME)";
				SWIFT_VERSION = 4.0;
				TARGETED_DEVICE_FAMILY = "1,2";
				TEST_TARGET_NAME = SimpleWebRTC;
			};
			name = Debug;
		};
		FD2A2DF32014986B00A68935 /* Release */ = {
			isa = XCBuildConfiguration;
			buildSettings = {
				ALWAYS_EMBED_SWIFT_STANDARD_LIBRARIES = YES;
				CODE_SIGN_STYLE = Automatic;
				DEVELOPMENT_TEAM = 9BHVUP9227;
				INFOPLIST_FILE = SimpleWebRTCUITests/Info.plist;
				LD_RUNPATH_SEARCH_PATHS = "$(inherited) @executable_path/Frameworks @loader_path/Frameworks";
				PRODUCT_BUNDLE_IDENTIFIER = com.etnclp.SimpleWebRTCUITests;
				PRODUCT_NAME = "$(TARGET_NAME)";
				SWIFT_VERSION = 4.0;
				TARGETED_DEVICE_FAMILY = "1,2";
				TEST_TARGET_NAME = SimpleWebRTC;
			};
			name = Release;
		};
/* End XCBuildConfiguration section */

/* Begin XCConfigurationList section */
		FD2A2DBE2014986A00A68935 /* Build configuration list for PBXProject "SimpleWebRTC" */ = {
			isa = XCConfigurationList;
			buildConfigurations = (
				FD2A2DE92014986B00A68935 /* Debug */,
				FD2A2DEA2014986B00A68935 /* Release */,
			);
			defaultConfigurationIsVisible = 0;
			defaultConfigurationName = Release;
		};
		FD2A2DEB2014986B00A68935 /* Build configuration list for PBXNativeTarget "SimpleWebRTC" */ = {
			isa = XCConfigurationList;
			buildConfigurations = (
				FD2A2DEC2014986B00A68935 /* Debug */,
				FD2A2DED2014986B00A68935 /* Release */,
			);
			defaultConfigurationIsVisible = 0;
			defaultConfigurationName = Release;
		};
		FD2A2DEE2014986B00A68935 /* Build configuration list for PBXNativeTarget "SimpleWebRTCTests" */ = {
			isa = XCConfigurationList;
			buildConfigurations = (
				FD2A2DEF2014986B00A68935 /* Debug */,
				FD2A2DF02014986B00A68935 /* Release */,
			);
			defaultConfigurationIsVisible = 0;
			defaultConfigurationName = Release;
		};
		FD2A2DF12014986B00A68935 /* Build configuration list for PBXNativeTarget "SimpleWebRTCUITests" */ = {
			isa = XCConfigurationList;
			buildConfigurations = (
				FD2A2DF22014986B00A68935 /* Debug */,
				FD2A2DF32014986B00A68935 /* Release */,
			);
			defaultConfigurationIsVisible = 0;
			defaultConfigurationName = Release;
		};
/* End XCConfigurationList section */
	};
	rootObject = FD2A2DBB2014986A00A68935 /* Project object */;
}
